// !$*UTF8*$!
{
	archiveVersion = 1;
	classes = {
	};
	objectVersion = 46;
	objects = {

/* Begin PBXBuildFile section */
		0EF8EEFC97357C0043289E75 /* Pods_ObjectiveCApp.framework in Frameworks */ = {isa = PBXBuildFile; fileRef = 634C315DBD45B55980785A43 /* Pods_ObjectiveCApp.framework */; };
		2702CAD91DBD37150020D6A8 /* Constants.swift in Sources */ = {isa = PBXBuildFile; fileRef = 2702CAD81DBD37150020D6A8 /* Constants.swift */; };
		27280E251DA46E4000D00E2E /* AppDelegate.swift in Sources */ = {isa = PBXBuildFile; fileRef = 27280E241DA46E4000D00E2E /* AppDelegate.swift */; };
		27280E2A1DA46E4000D00E2E /* Main.storyboard in Resources */ = {isa = PBXBuildFile; fileRef = 27280E281DA46E4000D00E2E /* Main.storyboard */; };
		27280E2C1DA46E4000D00E2E /* Assets.xcassets in Resources */ = {isa = PBXBuildFile; fileRef = 27280E2B1DA46E4000D00E2E /* Assets.xcassets */; };
		27280E2F1DA46E4000D00E2E /* LaunchScreen.storyboard in Resources */ = {isa = PBXBuildFile; fileRef = 27280E2D1DA46E4000D00E2E /* LaunchScreen.storyboard */; };
		27280E3A1DA46E4000D00E2E /* ObjectiveCAppTests.swift in Sources */ = {isa = PBXBuildFile; fileRef = 27280E391DA46E4000D00E2E /* ObjectiveCAppTests.swift */; };
		27280E451DA46E4000D00E2E /* ObjectiveCAppUITests.swift in Sources */ = {isa = PBXBuildFile; fileRef = 27280E441DA46E4000D00E2E /* ObjectiveCAppUITests.swift */; };
		27280E531DA46F7A00D00E2E /* GoogleService-Info.plist in Resources */ = {isa = PBXBuildFile; fileRef = 27280E521DA46F7A00D00E2E /* GoogleService-Info.plist */; };
		27280E551DA4715C00D00E2E /* CreateNewAccountViewController.swift in Sources */ = {isa = PBXBuildFile; fileRef = 27280E541DA4715C00D00E2E /* CreateNewAccountViewController.swift */; };
		27C429DE1DC02A7D00A6E1EA /* CreateDeveloperTableViewController.swift in Sources */ = {isa = PBXBuildFile; fileRef = 27C429DD1DC02A7D00A6E1EA /* CreateDeveloperTableViewController.swift */; };
		320C8670D9B35AAFEB31521F /* Pods_ObjectiveCAppTests.framework in Frameworks */ = {isa = PBXBuildFile; fileRef = D7CEEBCD56949C0F85AA3117 /* Pods_ObjectiveCAppTests.framework */; };
		4C865D9D281F3929BB754DE9 /* Pods_ObjectiveCAppUITests.framework in Frameworks */ = {isa = PBXBuildFile; fileRef = D4A46BAAB172D2E77BCFB649 /* Pods_ObjectiveCAppUITests.framework */; };
		5755BE391DBEE8DB006F26C8 /* Users.swift in Sources */ = {isa = PBXBuildFile; fileRef = 5755BE381DBEE8DB006F26C8 /* Users.swift */; };
		57607DC71DAFA5E2008FD070 /* LoginViewController.swift in Sources */ = {isa = PBXBuildFile; fileRef = 57607DC61DAFA5E2008FD070 /* LoginViewController.swift */; };
/* End PBXBuildFile section */

/* Begin PBXContainerItemProxy section */
		27280E361DA46E4000D00E2E /* PBXContainerItemProxy */ = {
			isa = PBXContainerItemProxy;
			containerPortal = 27280E191DA46E4000D00E2E /* Project object */;
			proxyType = 1;
			remoteGlobalIDString = 27280E201DA46E4000D00E2E;
			remoteInfo = ObjectiveCApp;
		};
		27280E411DA46E4000D00E2E /* PBXContainerItemProxy */ = {
			isa = PBXContainerItemProxy;
			containerPortal = 27280E191DA46E4000D00E2E /* Project object */;
			proxyType = 1;
			remoteGlobalIDString = 27280E201DA46E4000D00E2E;
			remoteInfo = ObjectiveCApp;
		};
/* End PBXContainerItemProxy section */

/* Begin PBXFileReference section */
		2702CAD81DBD37150020D6A8 /* Constants.swift */ = {isa = PBXFileReference; fileEncoding = 4; lastKnownFileType = sourcecode.swift; path = Constants.swift; sourceTree = "<group>"; };
		2711E3811DBC1C7400D5BC0A /* ObjectiveCApp.entitlements */ = {isa = PBXFileReference; lastKnownFileType = text.plist.entitlements; path = ObjectiveCApp.entitlements; sourceTree = "<group>"; };
		27280E211DA46E4000D00E2E /* ObjectiveCApp.app */ = {isa = PBXFileReference; explicitFileType = wrapper.application; includeInIndex = 0; path = ObjectiveCApp.app; sourceTree = BUILT_PRODUCTS_DIR; };
		27280E241DA46E4000D00E2E /* AppDelegate.swift */ = {isa = PBXFileReference; lastKnownFileType = sourcecode.swift; path = AppDelegate.swift; sourceTree = "<group>"; };
		27280E291DA46E4000D00E2E /* Base */ = {isa = PBXFileReference; lastKnownFileType = file.storyboard; name = Base; path = Base.lproj/Main.storyboard; sourceTree = "<group>"; };
		27280E2B1DA46E4000D00E2E /* Assets.xcassets */ = {isa = PBXFileReference; lastKnownFileType = folder.assetcatalog; path = Assets.xcassets; sourceTree = "<group>"; };
		27280E2E1DA46E4000D00E2E /* Base */ = {isa = PBXFileReference; lastKnownFileType = file.storyboard; name = Base; path = Base.lproj/LaunchScreen.storyboard; sourceTree = "<group>"; };
		27280E301DA46E4000D00E2E /* Info.plist */ = {isa = PBXFileReference; lastKnownFileType = text.plist.xml; path = Info.plist; sourceTree = "<group>"; };
		27280E351DA46E4000D00E2E /* ObjectiveCAppTests.xctest */ = {isa = PBXFileReference; explicitFileType = wrapper.cfbundle; includeInIndex = 0; path = ObjectiveCAppTests.xctest; sourceTree = BUILT_PRODUCTS_DIR; };
		27280E391DA46E4000D00E2E /* ObjectiveCAppTests.swift */ = {isa = PBXFileReference; lastKnownFileType = sourcecode.swift; path = ObjectiveCAppTests.swift; sourceTree = "<group>"; };
		27280E3B1DA46E4000D00E2E /* Info.plist */ = {isa = PBXFileReference; lastKnownFileType = text.plist.xml; path = Info.plist; sourceTree = "<group>"; };
		27280E401DA46E4000D00E2E /* ObjectiveCAppUITests.xctest */ = {isa = PBXFileReference; explicitFileType = wrapper.cfbundle; includeInIndex = 0; path = ObjectiveCAppUITests.xctest; sourceTree = BUILT_PRODUCTS_DIR; };
		27280E441DA46E4000D00E2E /* ObjectiveCAppUITests.swift */ = {isa = PBXFileReference; lastKnownFileType = sourcecode.swift; path = ObjectiveCAppUITests.swift; sourceTree = "<group>"; };
		27280E461DA46E4000D00E2E /* Info.plist */ = {isa = PBXFileReference; lastKnownFileType = text.plist.xml; path = Info.plist; sourceTree = "<group>"; };
		27280E521DA46F7A00D00E2E /* GoogleService-Info.plist */ = {isa = PBXFileReference; fileEncoding = 4; lastKnownFileType = text.plist.xml; path = "GoogleService-Info.plist"; sourceTree = "<group>"; };
		27280E541DA4715C00D00E2E /* CreateNewAccountViewController.swift */ = {isa = PBXFileReference; fileEncoding = 4; lastKnownFileType = sourcecode.swift; name = CreateNewAccountViewController.swift; path = ../CreateNewAccountViewController.swift; sourceTree = "<group>"; };
		27C429DD1DC02A7D00A6E1EA /* CreateDeveloperTableViewController.swift */ = {isa = PBXFileReference; fileEncoding = 4; lastKnownFileType = sourcecode.swift; path = CreateDeveloperTableViewController.swift; sourceTree = "<group>"; };
		360D3187661738CD6309599F /* Pods-ObjectiveCAppTests.debug.xcconfig */ = {isa = PBXFileReference; includeInIndex = 1; lastKnownFileType = text.xcconfig; name = "Pods-ObjectiveCAppTests.debug.xcconfig"; path = "Pods/Target Support Files/Pods-ObjectiveCAppTests/Pods-ObjectiveCAppTests.debug.xcconfig"; sourceTree = "<group>"; };
		5755BE381DBEE8DB006F26C8 /* Users.swift */ = {isa = PBXFileReference; fileEncoding = 4; lastKnownFileType = sourcecode.swift; path = Users.swift; sourceTree = "<group>"; };
		57607DC61DAFA5E2008FD070 /* LoginViewController.swift */ = {isa = PBXFileReference; fileEncoding = 4; lastKnownFileType = sourcecode.swift; path = LoginViewController.swift; sourceTree = "<group>"; };
		634C315DBD45B55980785A43 /* Pods_ObjectiveCApp.framework */ = {isa = PBXFileReference; explicitFileType = wrapper.framework; includeInIndex = 0; path = Pods_ObjectiveCApp.framework; sourceTree = BUILT_PRODUCTS_DIR; };
		7A7F927120D9D0173A27A036 /* Pods-ObjectiveCAppTests.release.xcconfig */ = {isa = PBXFileReference; includeInIndex = 1; lastKnownFileType = text.xcconfig; name = "Pods-ObjectiveCAppTests.release.xcconfig"; path = "Pods/Target Support Files/Pods-ObjectiveCAppTests/Pods-ObjectiveCAppTests.release.xcconfig"; sourceTree = "<group>"; };
		807D40314A61DE26B17C0356 /* Pods-ObjectiveCApp.debug.xcconfig */ = {isa = PBXFileReference; includeInIndex = 1; lastKnownFileType = text.xcconfig; name = "Pods-ObjectiveCApp.debug.xcconfig"; path = "Pods/Target Support Files/Pods-ObjectiveCApp/Pods-ObjectiveCApp.debug.xcconfig"; sourceTree = "<group>"; };
		8526884BFB94F393ED3E2912 /* Pods-ObjectiveCAppUITests.release.xcconfig */ = {isa = PBXFileReference; includeInIndex = 1; lastKnownFileType = text.xcconfig; name = "Pods-ObjectiveCAppUITests.release.xcconfig"; path = "Pods/Target Support Files/Pods-ObjectiveCAppUITests/Pods-ObjectiveCAppUITests.release.xcconfig"; sourceTree = "<group>"; };
		999289CDF1199A9814F7955F /* Pods-ObjectiveCAppUITests.debug.xcconfig */ = {isa = PBXFileReference; includeInIndex = 1; lastKnownFileType = text.xcconfig; name = "Pods-ObjectiveCAppUITests.debug.xcconfig"; path = "Pods/Target Support Files/Pods-ObjectiveCAppUITests/Pods-ObjectiveCAppUITests.debug.xcconfig"; sourceTree = "<group>"; };
		D4A46BAAB172D2E77BCFB649 /* Pods_ObjectiveCAppUITests.framework */ = {isa = PBXFileReference; explicitFileType = wrapper.framework; includeInIndex = 0; path = Pods_ObjectiveCAppUITests.framework; sourceTree = BUILT_PRODUCTS_DIR; };
		D7CEEBCD56949C0F85AA3117 /* Pods_ObjectiveCAppTests.framework */ = {isa = PBXFileReference; explicitFileType = wrapper.framework; includeInIndex = 0; path = Pods_ObjectiveCAppTests.framework; sourceTree = BUILT_PRODUCTS_DIR; };
		F5EEF1BECA089DFD16EED6FD /* Pods-ObjectiveCApp.release.xcconfig */ = {isa = PBXFileReference; includeInIndex = 1; lastKnownFileType = text.xcconfig; name = "Pods-ObjectiveCApp.release.xcconfig"; path = "Pods/Target Support Files/Pods-ObjectiveCApp/Pods-ObjectiveCApp.release.xcconfig"; sourceTree = "<group>"; };
/* End PBXFileReference section */

/* Begin PBXFrameworksBuildPhase section */
		27280E1E1DA46E4000D00E2E /* Frameworks */ = {
			isa = PBXFrameworksBuildPhase;
			buildActionMask = 2147483647;
			files = (
				0EF8EEFC97357C0043289E75 /* Pods_ObjectiveCApp.framework in Frameworks */,
			);
			runOnlyForDeploymentPostprocessing = 0;
		};
		27280E321DA46E4000D00E2E /* Frameworks */ = {
			isa = PBXFrameworksBuildPhase;
			buildActionMask = 2147483647;
			files = (
				320C8670D9B35AAFEB31521F /* Pods_ObjectiveCAppTests.framework in Frameworks */,
			);
			runOnlyForDeploymentPostprocessing = 0;
		};
		27280E3D1DA46E4000D00E2E /* Frameworks */ = {
			isa = PBXFrameworksBuildPhase;
			buildActionMask = 2147483647;
			files = (
				4C865D9D281F3929BB754DE9 /* Pods_ObjectiveCAppUITests.framework in Frameworks */,
			);
			runOnlyForDeploymentPostprocessing = 0;
		};
/* End PBXFrameworksBuildPhase section */

/* Begin PBXGroup section */
		2711E37E1DBC177300D5BC0A /* CreateDeveloperProfile */ = {
			isa = PBXGroup;
			children = (
				27C429DD1DC02A7D00A6E1EA /* CreateDeveloperTableViewController.swift */,
			);
			name = CreateDeveloperProfile;
			sourceTree = "<group>";
		};
		27280E181DA46E4000D00E2E = {
			isa = PBXGroup;
			children = (
				27280E231DA46E4000D00E2E /* ObjectiveCApp */,
				27280E381DA46E4000D00E2E /* ObjectiveCAppTests */,
				27280E431DA46E4000D00E2E /* ObjectiveCAppUITests */,
				27280E221DA46E4000D00E2E /* Products */,
				7E68308081AD2044A1A0503F /* Pods */,
				82C62DC4D2277BBF8D33BDA2 /* Frameworks */,
			);
			sourceTree = "<group>";
		};
		27280E221DA46E4000D00E2E /* Products */ = {
			isa = PBXGroup;
			children = (
				27280E211DA46E4000D00E2E /* ObjectiveCApp.app */,
				27280E351DA46E4000D00E2E /* ObjectiveCAppTests.xctest */,
				27280E401DA46E4000D00E2E /* ObjectiveCAppUITests.xctest */,
			);
			name = Products;
			sourceTree = "<group>";
		};
		27280E231DA46E4000D00E2E /* ObjectiveCApp */ = {
			isa = PBXGroup;
			children = (
				2702CAD81DBD37150020D6A8 /* Constants.swift */,
				2711E3811DBC1C7400D5BC0A /* ObjectiveCApp.entitlements */,
				2711E37E1DBC177300D5BC0A /* CreateDeveloperProfile */,
				57607DC51DAFA4B2008FD070 /* Authentication */,
				27280E241DA46E4000D00E2E /* AppDelegate.swift */,
				27280E281DA46E4000D00E2E /* Main.storyboard */,
				27280E2B1DA46E4000D00E2E /* Assets.xcassets */,
				27280E2D1DA46E4000D00E2E /* LaunchScreen.storyboard */,
				27280E301DA46E4000D00E2E /* Info.plist */,
				27280E521DA46F7A00D00E2E /* GoogleService-Info.plist */,
			);
			path = ObjectiveCApp;
			sourceTree = "<group>";
		};
		27280E381DA46E4000D00E2E /* ObjectiveCAppTests */ = {
			isa = PBXGroup;
			children = (
				27280E391DA46E4000D00E2E /* ObjectiveCAppTests.swift */,
				27280E3B1DA46E4000D00E2E /* Info.plist */,
			);
			path = ObjectiveCAppTests;
			sourceTree = "<group>";
		};
		27280E431DA46E4000D00E2E /* ObjectiveCAppUITests */ = {
			isa = PBXGroup;
			children = (
				27280E441DA46E4000D00E2E /* ObjectiveCAppUITests.swift */,
				27280E461DA46E4000D00E2E /* Info.plist */,
			);
			path = ObjectiveCAppUITests;
			sourceTree = "<group>";
		};
		57607DC51DAFA4B2008FD070 /* Authentication */ = {
			isa = PBXGroup;
			children = (
				27280E541DA4715C00D00E2E /* CreateNewAccountViewController.swift */,
				57607DC61DAFA5E2008FD070 /* LoginViewController.swift */,
				5755BE381DBEE8DB006F26C8 /* Users.swift */,
			);
			name = Authentication;
			sourceTree = "<group>";
		};
		7E68308081AD2044A1A0503F /* Pods */ = {
			isa = PBXGroup;
			children = (
				807D40314A61DE26B17C0356 /* Pods-ObjectiveCApp.debug.xcconfig */,
				F5EEF1BECA089DFD16EED6FD /* Pods-ObjectiveCApp.release.xcconfig */,
				360D3187661738CD6309599F /* Pods-ObjectiveCAppTests.debug.xcconfig */,
				7A7F927120D9D0173A27A036 /* Pods-ObjectiveCAppTests.release.xcconfig */,
				999289CDF1199A9814F7955F /* Pods-ObjectiveCAppUITests.debug.xcconfig */,
				8526884BFB94F393ED3E2912 /* Pods-ObjectiveCAppUITests.release.xcconfig */,
			);
			name = Pods;
			sourceTree = "<group>";
		};
		82C62DC4D2277BBF8D33BDA2 /* Frameworks */ = {
			isa = PBXGroup;
			children = (
				634C315DBD45B55980785A43 /* Pods_ObjectiveCApp.framework */,
				D7CEEBCD56949C0F85AA3117 /* Pods_ObjectiveCAppTests.framework */,
				D4A46BAAB172D2E77BCFB649 /* Pods_ObjectiveCAppUITests.framework */,
			);
			name = Frameworks;
			sourceTree = "<group>";
		};
/* End PBXGroup section */

/* Begin PBXNativeTarget section */
		27280E201DA46E4000D00E2E /* ObjectiveCApp */ = {
			isa = PBXNativeTarget;
			buildConfigurationList = 27280E491DA46E4000D00E2E /* Build configuration list for PBXNativeTarget "ObjectiveCApp" */;
			buildPhases = (
				DA163919C0201C4F1020C7E0 /* [CP] Check Pods Manifest.lock */,
				27280E1D1DA46E4000D00E2E /* Sources */,
				27280E1E1DA46E4000D00E2E /* Frameworks */,
				27280E1F1DA46E4000D00E2E /* Resources */,
				4C12DD8A6C2371E9AC8DB618 /* [CP] Embed Pods Frameworks */,
				6DED44EA3E1542295A6CD233 /* [CP] Copy Pods Resources */,
			);
			buildRules = (
			);
			dependencies = (
			);
			name = ObjectiveCApp;
			productName = ObjectiveCApp;
			productReference = 27280E211DA46E4000D00E2E /* ObjectiveCApp.app */;
			productType = "com.apple.product-type.application";
		};
		27280E341DA46E4000D00E2E /* ObjectiveCAppTests */ = {
			isa = PBXNativeTarget;
			buildConfigurationList = 27280E4C1DA46E4000D00E2E /* Build configuration list for PBXNativeTarget "ObjectiveCAppTests" */;
			buildPhases = (
				8237AB9BC6C66554AB62DD7E /* [CP] Check Pods Manifest.lock */,
				27280E311DA46E4000D00E2E /* Sources */,
				27280E321DA46E4000D00E2E /* Frameworks */,
				27280E331DA46E4000D00E2E /* Resources */,
				1CAD583B1D2509162008A33B /* [CP] Embed Pods Frameworks */,
				ECA15F2DD2733A8CF8FB1C0A /* [CP] Copy Pods Resources */,
			);
			buildRules = (
			);
			dependencies = (
				27280E371DA46E4000D00E2E /* PBXTargetDependency */,
			);
			name = ObjectiveCAppTests;
			productName = ObjectiveCAppTests;
			productReference = 27280E351DA46E4000D00E2E /* ObjectiveCAppTests.xctest */;
			productType = "com.apple.product-type.bundle.unit-test";
		};
		27280E3F1DA46E4000D00E2E /* ObjectiveCAppUITests */ = {
			isa = PBXNativeTarget;
			buildConfigurationList = 27280E4F1DA46E4000D00E2E /* Build configuration list for PBXNativeTarget "ObjectiveCAppUITests" */;
			buildPhases = (
				0F81C0FBDFF628BEC78552B9 /* [CP] Check Pods Manifest.lock */,
				27280E3C1DA46E4000D00E2E /* Sources */,
				27280E3D1DA46E4000D00E2E /* Frameworks */,
				27280E3E1DA46E4000D00E2E /* Resources */,
				B88725E69C90A72824361078 /* [CP] Embed Pods Frameworks */,
				D780C6E036C06620056786C8 /* [CP] Copy Pods Resources */,
			);
			buildRules = (
			);
			dependencies = (
				27280E421DA46E4000D00E2E /* PBXTargetDependency */,
			);
			name = ObjectiveCAppUITests;
			productName = ObjectiveCAppUITests;
			productReference = 27280E401DA46E4000D00E2E /* ObjectiveCAppUITests.xctest */;
			productType = "com.apple.product-type.bundle.ui-testing";
		};
/* End PBXNativeTarget section */

/* Begin PBXProject section */
		27280E191DA46E4000D00E2E /* Project object */ = {
			isa = PBXProject;
			attributes = {
				LastSwiftUpdateCheck = 0800;
				LastUpgradeCheck = 0800;
				ORGANIZATIONNAME = "Michael Metzger ";
				TargetAttributes = {
					27280E201DA46E4000D00E2E = {
						CreatedOnToolsVersion = 8.0;
						DevelopmentTeam = BP8BUJFQU2;
						ProvisioningStyle = Automatic;
						SystemCapabilities = {
							com.apple.Keychain = {
								enabled = 1;
							};
						};
					};
					27280E341DA46E4000D00E2E = {
						CreatedOnToolsVersion = 8.0;
						ProvisioningStyle = Automatic;
						TestTargetID = 27280E201DA46E4000D00E2E;
					};
					27280E3F1DA46E4000D00E2E = {
						CreatedOnToolsVersion = 8.0;
						ProvisioningStyle = Automatic;
						TestTargetID = 27280E201DA46E4000D00E2E;
					};
				};
			};
			buildConfigurationList = 27280E1C1DA46E4000D00E2E /* Build configuration list for PBXProject "ObjectiveCApp" */;
			compatibilityVersion = "Xcode 3.2";
			developmentRegion = English;
			hasScannedForEncodings = 0;
			knownRegions = (
				en,
				Base,
			);
			mainGroup = 27280E181DA46E4000D00E2E;
			productRefGroup = 27280E221DA46E4000D00E2E /* Products */;
			projectDirPath = "";
			projectRoot = "";
			targets = (
				27280E201DA46E4000D00E2E /* ObjectiveCApp */,
				27280E341DA46E4000D00E2E /* ObjectiveCAppTests */,
				27280E3F1DA46E4000D00E2E /* ObjectiveCAppUITests */,
			);
		};
/* End PBXProject section */

/* Begin PBXResourcesBuildPhase section */
		27280E1F1DA46E4000D00E2E /* Resources */ = {
			isa = PBXResourcesBuildPhase;
			buildActionMask = 2147483647;
			files = (
				27280E2F1DA46E4000D00E2E /* LaunchScreen.storyboard in Resources */,
				27280E531DA46F7A00D00E2E /* GoogleService-Info.plist in Resources */,
				27280E2C1DA46E4000D00E2E /* Assets.xcassets in Resources */,
				27280E2A1DA46E4000D00E2E /* Main.storyboard in Resources */,
			);
			runOnlyForDeploymentPostprocessing = 0;
		};
		27280E331DA46E4000D00E2E /* Resources */ = {
			isa = PBXResourcesBuildPhase;
			buildActionMask = 2147483647;
			files = (
			);
			runOnlyForDeploymentPostprocessing = 0;
		};
		27280E3E1DA46E4000D00E2E /* Resources */ = {
			isa = PBXResourcesBuildPhase;
			buildActionMask = 2147483647;
			files = (
			);
			runOnlyForDeploymentPostprocessing = 0;
		};
/* End PBXResourcesBuildPhase section */

/* Begin PBXShellScriptBuildPhase section */
		0F81C0FBDFF628BEC78552B9 /* [CP] Check Pods Manifest.lock */ = {
			isa = PBXShellScriptBuildPhase;
			buildActionMask = 2147483647;
			files = (
			);
			inputPaths = (
			);
			name = "[CP] Check Pods Manifest.lock";
			outputPaths = (
			);
			runOnlyForDeploymentPostprocessing = 0;
			shellPath = /bin/sh;
			shellScript = "diff \"${PODS_ROOT}/../Podfile.lock\" \"${PODS_ROOT}/Manifest.lock\" > /dev/null\nif [ $? != 0 ] ; then\n    # print error to STDERR\n    echo \"error: The sandbox is not in sync with the Podfile.lock. Run 'pod install' or update your CocoaPods installation.\" >&2\n    exit 1\nfi\n";
			showEnvVarsInLog = 0;
		};
		1CAD583B1D2509162008A33B /* [CP] Embed Pods Frameworks */ = {
			isa = PBXShellScriptBuildPhase;
			buildActionMask = 2147483647;
			files = (
			);
			inputPaths = (
			);
			name = "[CP] Embed Pods Frameworks";
			outputPaths = (
			);
			runOnlyForDeploymentPostprocessing = 0;
			shellPath = /bin/sh;
			shellScript = "\"${SRCROOT}/Pods/Target Support Files/Pods-ObjectiveCAppTests/Pods-ObjectiveCAppTests-frameworks.sh\"\n";
			showEnvVarsInLog = 0;
		};
		4C12DD8A6C2371E9AC8DB618 /* [CP] Embed Pods Frameworks */ = {
			isa = PBXShellScriptBuildPhase;
			buildActionMask = 2147483647;
			files = (
			);
			inputPaths = (
			);
			name = "[CP] Embed Pods Frameworks";
			outputPaths = (
			);
			runOnlyForDeploymentPostprocessing = 0;
			shellPath = /bin/sh;
			shellScript = "\"${SRCROOT}/Pods/Target Support Files/Pods-ObjectiveCApp/Pods-ObjectiveCApp-frameworks.sh\"\n";
			showEnvVarsInLog = 0;
		};
		6DED44EA3E1542295A6CD233 /* [CP] Copy Pods Resources */ = {
			isa = PBXShellScriptBuildPhase;
			buildActionMask = 2147483647;
			files = (
			);
			inputPaths = (
			);
			name = "[CP] Copy Pods Resources";
			outputPaths = (
			);
			runOnlyForDeploymentPostprocessing = 0;
			shellPath = /bin/sh;
			shellScript = "\"${SRCROOT}/Pods/Target Support Files/Pods-ObjectiveCApp/Pods-ObjectiveCApp-resources.sh\"\n";
			showEnvVarsInLog = 0;
		};
		8237AB9BC6C66554AB62DD7E /* [CP] Check Pods Manifest.lock */ = {
			isa = PBXShellScriptBuildPhase;
			buildActionMask = 2147483647;
			files = (
			);
			inputPaths = (
			);
			name = "[CP] Check Pods Manifest.lock";
			outputPaths = (
			);
			runOnlyForDeploymentPostprocessing = 0;
			shellPath = /bin/sh;
			shellScript = "diff \"${PODS_ROOT}/../Podfile.lock\" \"${PODS_ROOT}/Manifest.lock\" > /dev/null\nif [ $? != 0 ] ; then\n    # print error to STDERR\n    echo \"error: The sandbox is not in sync with the Podfile.lock. Run 'pod install' or update your CocoaPods installation.\" >&2\n    exit 1\nfi\n";
			showEnvVarsInLog = 0;
		};
		B88725E69C90A72824361078 /* [CP] Embed Pods Frameworks */ = {
			isa = PBXShellScriptBuildPhase;
			buildActionMask = 2147483647;
			files = (
			);
			inputPaths = (
			);
			name = "[CP] Embed Pods Frameworks";
			outputPaths = (
			);
			runOnlyForDeploymentPostprocessing = 0;
			shellPath = /bin/sh;
			shellScript = "\"${SRCROOT}/Pods/Target Support Files/Pods-ObjectiveCAppUITests/Pods-ObjectiveCAppUITests-frameworks.sh\"\n";
			showEnvVarsInLog = 0;
		};
		D780C6E036C06620056786C8 /* [CP] Copy Pods Resources */ = {
			isa = PBXShellScriptBuildPhase;
			buildActionMask = 2147483647;
			files = (
			);
			inputPaths = (
			);
			name = "[CP] Copy Pods Resources";
			outputPaths = (
			);
			runOnlyForDeploymentPostprocessing = 0;
			shellPath = /bin/sh;
			shellScript = "\"${SRCROOT}/Pods/Target Support Files/Pods-ObjectiveCAppUITests/Pods-ObjectiveCAppUITests-resources.sh\"\n";
			showEnvVarsInLog = 0;
		};
		DA163919C0201C4F1020C7E0 /* [CP] Check Pods Manifest.lock */ = {
			isa = PBXShellScriptBuildPhase;
			buildActionMask = 2147483647;
			files = (
			);
			inputPaths = (
			);
			name = "[CP] Check Pods Manifest.lock";
			outputPaths = (
			);
			runOnlyForDeploymentPostprocessing = 0;
			shellPath = /bin/sh;
			shellScript = "diff \"${PODS_ROOT}/../Podfile.lock\" \"${PODS_ROOT}/Manifest.lock\" > /dev/null\nif [ $? != 0 ] ; then\n    # print error to STDERR\n    echo \"error: The sandbox is not in sync with the Podfile.lock. Run 'pod install' or update your CocoaPods installation.\" >&2\n    exit 1\nfi\n";
			showEnvVarsInLog = 0;
		};
		ECA15F2DD2733A8CF8FB1C0A /* [CP] Copy Pods Resources */ = {
			isa = PBXShellScriptBuildPhase;
			buildActionMask = 2147483647;
			files = (
			);
			inputPaths = (
			);
			name = "[CP] Copy Pods Resources";
			outputPaths = (
			);
			runOnlyForDeploymentPostprocessing = 0;
			shellPath = /bin/sh;
			shellScript = "\"${SRCROOT}/Pods/Target Support Files/Pods-ObjectiveCAppTests/Pods-ObjectiveCAppTests-resources.sh\"\n";
			showEnvVarsInLog = 0;
		};
/* End PBXShellScriptBuildPhase section */

/* Begin PBXSourcesBuildPhase section */
		27280E1D1DA46E4000D00E2E /* Sources */ = {
			isa = PBXSourcesBuildPhase;
			buildActionMask = 2147483647;
			files = (
				2702CAD91DBD37150020D6A8 /* Constants.swift in Sources */,
				57607DC71DAFA5E2008FD070 /* LoginViewController.swift in Sources */,
				27280E551DA4715C00D00E2E /* CreateNewAccountViewController.swift in Sources */,
				5755BE391DBEE8DB006F26C8 /* Users.swift in Sources */,
				27280E251DA46E4000D00E2E /* AppDelegate.swift in Sources */,
				27C429DE1DC02A7D00A6E1EA /* CreateDeveloperTableViewController.swift in Sources */,
			);
			runOnlyForDeploymentPostprocessing = 0;
		};
		27280E311DA46E4000D00E2E /* Sources */ = {
			isa = PBXSourcesBuildPhase;
			buildActionMask = 2147483647;
			files = (
				27280E3A1DA46E4000D00E2E /* ObjectiveCAppTests.swift in Sources */,
			);
			runOnlyForDeploymentPostprocessing = 0;
		};
		27280E3C1DA46E4000D00E2E /* Sources */ = {
			isa = PBXSourcesBuildPhase;
			buildActionMask = 2147483647;
			files = (
				27280E451DA46E4000D00E2E /* ObjectiveCAppUITests.swift in Sources */,
			);
			runOnlyForDeploymentPostprocessing = 0;
		};
/* End PBXSourcesBuildPhase section */

/* Begin PBXTargetDependency section */
		27280E371DA46E4000D00E2E /* PBXTargetDependency */ = {
			isa = PBXTargetDependency;
			target = 27280E201DA46E4000D00E2E /* ObjectiveCApp */;
			targetProxy = 27280E361DA46E4000D00E2E /* PBXContainerItemProxy */;
		};
		27280E421DA46E4000D00E2E /* PBXTargetDependency */ = {
			isa = PBXTargetDependency;
			target = 27280E201DA46E4000D00E2E /* ObjectiveCApp */;
			targetProxy = 27280E411DA46E4000D00E2E /* PBXContainerItemProxy */;
		};
/* End PBXTargetDependency section */

/* Begin PBXVariantGroup section */
		27280E281DA46E4000D00E2E /* Main.storyboard */ = {
			isa = PBXVariantGroup;
			children = (
				27280E291DA46E4000D00E2E /* Base */,
			);
			name = Main.storyboard;
			sourceTree = "<group>";
		};
		27280E2D1DA46E4000D00E2E /* LaunchScreen.storyboard */ = {
			isa = PBXVariantGroup;
			children = (
				27280E2E1DA46E4000D00E2E /* Base */,
			);
			name = LaunchScreen.storyboard;
			sourceTree = "<group>";
		};
/* End PBXVariantGroup section */

/* Begin XCBuildConfiguration section */
		27280E471DA46E4000D00E2E /* Debug */ = {
			isa = XCBuildConfiguration;
			buildSettings = {
				ALWAYS_SEARCH_USER_PATHS = NO;
				CLANG_ANALYZER_NONNULL = YES;
				CLANG_CXX_LANGUAGE_STANDARD = "gnu++0x";
				CLANG_CXX_LIBRARY = "libc++";
				CLANG_ENABLE_MODULES = YES;
				CLANG_ENABLE_OBJC_ARC = YES;
				CLANG_WARN_BOOL_CONVERSION = YES;
				CLANG_WARN_CONSTANT_CONVERSION = YES;
				CLANG_WARN_DIRECT_OBJC_ISA_USAGE = YES_ERROR;
				CLANG_WARN_DOCUMENTATION_COMMENTS = YES;
				CLANG_WARN_EMPTY_BODY = YES;
				CLANG_WARN_ENUM_CONVERSION = YES;
				CLANG_WARN_INFINITE_RECURSION = YES;
				CLANG_WARN_INT_CONVERSION = YES;
				CLANG_WARN_OBJC_ROOT_CLASS = YES_ERROR;
				CLANG_WARN_SUSPICIOUS_MOVES = YES;
				CLANG_WARN_UNREACHABLE_CODE = YES;
				CLANG_WARN__DUPLICATE_METHOD_MATCH = YES;
				"CODE_SIGN_IDENTITY[sdk=iphoneos*]" = "iPhone Developer";
				COPY_PHASE_STRIP = NO;
				DEBUG_INFORMATION_FORMAT = dwarf;
				ENABLE_STRICT_OBJC_MSGSEND = YES;
				ENABLE_TESTABILITY = YES;
				GCC_C_LANGUAGE_STANDARD = gnu99;
				GCC_DYNAMIC_NO_PIC = NO;
				GCC_NO_COMMON_BLOCKS = YES;
				GCC_OPTIMIZATION_LEVEL = 0;
				GCC_PREPROCESSOR_DEFINITIONS = (
					"DEBUG=1",
					"$(inherited)",
				);
				GCC_WARN_64_TO_32_BIT_CONVERSION = YES;
				GCC_WARN_ABOUT_RETURN_TYPE = YES_ERROR;
				GCC_WARN_UNDECLARED_SELECTOR = YES;
				GCC_WARN_UNINITIALIZED_AUTOS = YES_AGGRESSIVE;
				GCC_WARN_UNUSED_FUNCTION = YES;
				GCC_WARN_UNUSED_VARIABLE = YES;
				IPHONEOS_DEPLOYMENT_TARGET = 10.0;
				MTL_ENABLE_DEBUG_INFO = YES;
				ONLY_ACTIVE_ARCH = YES;
				SDKROOT = iphoneos;
				SWIFT_ACTIVE_COMPILATION_CONDITIONS = DEBUG;
				SWIFT_OPTIMIZATION_LEVEL = "-Onone";
			};
			name = Debug;
		};
		27280E481DA46E4000D00E2E /* Release */ = {
			isa = XCBuildConfiguration;
			buildSettings = {
				ALWAYS_SEARCH_USER_PATHS = NO;
				CLANG_ANALYZER_NONNULL = YES;
				CLANG_CXX_LANGUAGE_STANDARD = "gnu++0x";
				CLANG_CXX_LIBRARY = "libc++";
				CLANG_ENABLE_MODULES = YES;
				CLANG_ENABLE_OBJC_ARC = YES;
				CLANG_WARN_BOOL_CONVERSION = YES;
				CLANG_WARN_CONSTANT_CONVERSION = YES;
				CLANG_WARN_DIRECT_OBJC_ISA_USAGE = YES_ERROR;
				CLANG_WARN_DOCUMENTATION_COMMENTS = YES;
				CLANG_WARN_EMPTY_BODY = YES;
				CLANG_WARN_ENUM_CONVERSION = YES;
				CLANG_WARN_INFINITE_RECURSION = YES;
				CLANG_WARN_INT_CONVERSION = YES;
				CLANG_WARN_OBJC_ROOT_CLASS = YES_ERROR;
				CLANG_WARN_SUSPICIOUS_MOVES = YES;
				CLANG_WARN_UNREACHABLE_CODE = YES;
				CLANG_WARN__DUPLICATE_METHOD_MATCH = YES;
				"CODE_SIGN_IDENTITY[sdk=iphoneos*]" = "iPhone Developer";
				COPY_PHASE_STRIP = NO;
				DEBUG_INFORMATION_FORMAT = "dwarf-with-dsym";
				ENABLE_NS_ASSERTIONS = NO;
				ENABLE_STRICT_OBJC_MSGSEND = YES;
				GCC_C_LANGUAGE_STANDARD = gnu99;
				GCC_NO_COMMON_BLOCKS = YES;
				GCC_WARN_64_TO_32_BIT_CONVERSION = YES;
				GCC_WARN_ABOUT_RETURN_TYPE = YES_ERROR;
				GCC_WARN_UNDECLARED_SELECTOR = YES;
				GCC_WARN_UNINITIALIZED_AUTOS = YES_AGGRESSIVE;
				GCC_WARN_UNUSED_FUNCTION = YES;
				GCC_WARN_UNUSED_VARIABLE = YES;
				IPHONEOS_DEPLOYMENT_TARGET = 10.0;
				MTL_ENABLE_DEBUG_INFO = NO;
				SDKROOT = iphoneos;
				SWIFT_OPTIMIZATION_LEVEL = "-Owholemodule";
				VALIDATE_PRODUCT = YES;
			};
			name = Release;
		};
		27280E4A1DA46E4000D00E2E /* Debug */ = {
			isa = XCBuildConfiguration;
			baseConfigurationReference = 807D40314A61DE26B17C0356 /* Pods-ObjectiveCApp.debug.xcconfig */;
			buildSettings = {
				ASSETCATALOG_COMPILER_APPICON_NAME = AppIcon;
				CODE_SIGN_ENTITLEMENTS = ObjectiveCApp/ObjectiveCApp.entitlements;
				CODE_SIGN_IDENTITY = "iPhone Developer";
				DEVELOPMENT_TEAM = BP8BUJFQU2;
				INFOPLIST_FILE = ObjectiveCApp/Info.plist;
				LD_RUNPATH_SEARCH_PATHS = "$(inherited) @executable_path/Frameworks";
				PRODUCT_BUNDLE_IDENTIFIER = com.metzger.ObjectiveCApp;
				PRODUCT_NAME = "$(TARGET_NAME)";
				SWIFT_VERSION = 3.0;
			};
			name = Debug;
		};
		27280E4B1DA46E4000D00E2E /* Release */ = {
			isa = XCBuildConfiguration;
			baseConfigurationReference = F5EEF1BECA089DFD16EED6FD /* Pods-ObjectiveCApp.release.xcconfig */;
			buildSettings = {
				ASSETCATALOG_COMPILER_APPICON_NAME = AppIcon;
				CODE_SIGN_ENTITLEMENTS = ObjectiveCApp/ObjectiveCApp.entitlements;
				CODE_SIGN_IDENTITY = "iPhone Developer";
				DEVELOPMENT_TEAM = BP8BUJFQU2;
				INFOPLIST_FILE = ObjectiveCApp/Info.plist;
				LD_RUNPATH_SEARCH_PATHS = "$(inherited) @executable_path/Frameworks";
				PRODUCT_BUNDLE_IDENTIFIER = com.metzger.ObjectiveCApp;
				PRODUCT_NAME = "$(TARGET_NAME)";
				SWIFT_VERSION = 3.0;
			};
			name = Release;
		};
		27280E4D1DA46E4000D00E2E /* Debug */ = {
			isa = XCBuildConfiguration;
			baseConfigurationReference = 360D3187661738CD6309599F /* Pods-ObjectiveCAppTests.debug.xcconfig */;
			buildSettings = {
				ALWAYS_EMBED_SWIFT_STANDARD_LIBRARIES = YES;
				BUNDLE_LOADER = "$(TEST_HOST)";
				INFOPLIST_FILE = ObjectiveCAppTests/Info.plist;
				LD_RUNPATH_SEARCH_PATHS = "$(inherited) @executable_path/Frameworks @loader_path/Frameworks";
				PRODUCT_BUNDLE_IDENTIFIER = com.metzger.ObjectiveCAppTests;
				PRODUCT_NAME = "$(TARGET_NAME)";
				SWIFT_VERSION = 3.0;
				TEST_HOST = "$(BUILT_PRODUCTS_DIR)/ObjectiveCApp.app/ObjectiveCApp";
			};
			name = Debug;
		};
		27280E4E1DA46E4000D00E2E /* Release */ = {
			isa = XCBuildConfiguration;
			baseConfigurationReference = 7A7F927120D9D0173A27A036 /* Pods-ObjectiveCAppTests.release.xcconfig */;
			buildSettings = {
				ALWAYS_EMBED_SWIFT_STANDARD_LIBRARIES = YES;
				BUNDLE_LOADER = "$(TEST_HOST)";
				INFOPLIST_FILE = ObjectiveCAppTests/Info.plist;
				LD_RUNPATH_SEARCH_PATHS = "$(inherited) @executable_path/Frameworks @loader_path/Frameworks";
				PRODUCT_BUNDLE_IDENTIFIER = com.metzger.ObjectiveCAppTests;
				PRODUCT_NAME = "$(TARGET_NAME)";
				SWIFT_VERSION = 3.0;
				TEST_HOST = "$(BUILT_PRODUCTS_DIR)/ObjectiveCApp.app/ObjectiveCApp";
			};
			name = Release;
		};
		27280E501DA46E4000D00E2E /* Debug */ = {
			isa = XCBuildConfiguration;
			baseConfigurationReference = 999289CDF1199A9814F7955F /* Pods-ObjectiveCAppUITests.debug.xcconfig */;
			buildSettings = {
				ALWAYS_EMBED_SWIFT_STANDARD_LIBRARIES = YES;
				INFOPLIST_FILE = ObjectiveCAppUITests/Info.plist;
				LD_RUNPATH_SEARCH_PATHS = "$(inherited) @executable_path/Frameworks @loader_path/Frameworks";
				PRODUCT_BUNDLE_IDENTIFIER = com.metzger.ObjectiveCAppUITests;
				PRODUCT_NAME = "$(TARGET_NAME)";
				SWIFT_VERSION = 3.0;
				TEST_TARGET_NAME = ObjectiveCApp;
			};
			name = Debug;
		};
		27280E511DA46E4000D00E2E /* Release */ = {
			isa = XCBuildConfiguration;
			baseConfigurationReference = 8526884BFB94F393ED3E2912 /* Pods-ObjectiveCAppUITests.release.xcconfig */;
			buildSettings = {
				ALWAYS_EMBED_SWIFT_STANDARD_LIBRARIES = YES;
				INFOPLIST_FILE = ObjectiveCAppUITests/Info.plist;
				LD_RUNPATH_SEARCH_PATHS = "$(inherited) @executable_path/Frameworks @loader_path/Frameworks";
				PRODUCT_BUNDLE_IDENTIFIER = com.metzger.ObjectiveCAppUITests;
				PRODUCT_NAME = "$(TARGET_NAME)";
				SWIFT_VERSION = 3.0;
				TEST_TARGET_NAME = ObjectiveCApp;
			};
			name = Release;
		};
/* End XCBuildConfiguration section */

/* Begin XCConfigurationList section */
		27280E1C1DA46E4000D00E2E /* Build configuration list for PBXProject "ObjectiveCApp" */ = {
			isa = XCConfigurationList;
			buildConfigurations = (
				27280E471DA46E4000D00E2E /* Debug */,
				27280E481DA46E4000D00E2E /* Release */,
			);
			defaultConfigurationIsVisible = 0;
			defaultConfigurationName = Release;
		};
		27280E491DA46E4000D00E2E /* Build configuration list for PBXNativeTarget "ObjectiveCApp" */ = {
			isa = XCConfigurationList;
			buildConfigurations = (
				27280E4A1DA46E4000D00E2E /* Debug */,
				27280E4B1DA46E4000D00E2E /* Release */,
			);
			defaultConfigurationIsVisible = 0;
			defaultConfigurationName = Release;
		};
		27280E4C1DA46E4000D00E2E /* Build configuration list for PBXNativeTarget "ObjectiveCAppTests" */ = {
			isa = XCConfigurationList;
			buildConfigurations = (
				27280E4D1DA46E4000D00E2E /* Debug */,
				27280E4E1DA46E4000D00E2E /* Release */,
			);
			defaultConfigurationIsVisible = 0;
			defaultConfigurationName = Release;
		};
		27280E4F1DA46E4000D00E2E /* Build configuration list for PBXNativeTarget "ObjectiveCAppUITests" */ = {
			isa = XCConfigurationList;
			buildConfigurations = (
				27280E501DA46E4000D00E2E /* Debug */,
				27280E511DA46E4000D00E2E /* Release */,
			);
			defaultConfigurationIsVisible = 0;
			defaultConfigurationName = Release;
		};
/* End XCConfigurationList section */
	};
	rootObject = 27280E191DA46E4000D00E2E /* Project object */;
}
